
Microsoft Visual Studio Solution File, Format Version 12.00
# Visual Studio Version 17
VisualStudioVersion = 17.8.34408.163
MinimumVisualStudioVersion = 10.0.40219.1
Project("{9A19103F-16F7-4668-BE54-9A1E7A4F7556}") = "Lab_1", "Lab_1\Lab_1.csproj", "{66C7BA0B-AE14-4FB8-A80C-967E1A1B7A77}"
EndProject
Project("{9A19103F-16F7-4668-BE54-9A1E7A4F7556}") = "Lab_2", "Lab_2\Lab_2.csproj", "{E64B72C2-6731-467A-92B1-AD18EDDD1BF8}"
EndProject
Project("{9A19103F-16F7-4668-BE54-9A1E7A4F7556}") = "lab_4", "lab_4\lab_4.csproj", "{1928F789-9F82-463D-9663-077E3CCE2721}"
EndProject
Project("{FAE04EC0-301F-11D3-BF4B-00C04F79EFBC}") = "lab_5", "lab_5\lab_5.csproj", "{16DDBA0D-A567-4BF0-89AA-301BEC65A34A}"
EndProject
Global
	GlobalSection(SolutionConfigurationPlatforms) = preSolution
		Debug|Any CPU = Debug|Any CPU
		Release|Any CPU = Release|Any CPU
	EndGlobalSection
	GlobalSection(ProjectConfigurationPlatforms) = postSolution
		{66C7BA0B-AE14-4FB8-A80C-967E1A1B7A77}.Debug|Any CPU.ActiveCfg = Debug|Any CPU
		{66C7BA0B-AE14-4FB8-A80C-967E1A1B7A77}.Debug|Any CPU.Build.0 = Debug|Any CPU
		{66C7BA0B-AE14-4FB8-A80C-967E1A1B7A77}.Release|Any CPU.ActiveCfg = Release|Any CPU
		{66C7BA0B-AE14-4FB8-A80C-967E1A1B7A77}.Release|Any CPU.Build.0 = Release|Any CPU
		{E64B72C2-6731-467A-92B1-AD18EDDD1BF8}.Debug|Any CPU.ActiveCfg = Debug|Any CPU
		{E64B72C2-6731-467A-92B1-AD18EDDD1BF8}.Debug|Any CPU.Build.0 = Debug|Any CPU
		{E64B72C2-6731-467A-92B1-AD18EDDD1BF8}.Release|Any CPU.ActiveCfg = Release|Any CPU
		{E64B72C2-6731-467A-92B1-AD18EDDD1BF8}.Release|Any CPU.Build.0 = Release|Any CPU
		{1928F789-9F82-463D-9663-077E3CCE2721}.Debug|Any CPU.ActiveCfg = Debug|Any CPU
		{1928F789-9F82-463D-9663-077E3CCE2721}.Debug|Any CPU.Build.0 = Debug|Any CPU
		{1928F789-9F82-463D-9663-077E3CCE2721}.Release|Any CPU.ActiveCfg = Release|Any CPU
		{1928F789-9F82-463D-9663-077E3CCE2721}.Release|Any CPU.Build.0 = Release|Any CPU
		{16DDBA0D-A567-4BF0-89AA-301BEC65A34A}.Debug|Any CPU.ActiveCfg = Debug|Any CPU
		{16DDBA0D-A567-4BF0-89AA-301BEC65A34A}.Debug|Any CPU.Build.0 = Debug|Any CPU
		{16DDBA0D-A567-4BF0-89AA-301BEC65A34A}.Release|Any CPU.ActiveCfg = Release|Any CPU
		{16DDBA0D-A567-4BF0-89AA-301BEC65A34A}.Release|Any CPU.Build.0 = Release|Any CPU
	EndGlobalSection
	GlobalSection(SolutionProperties) = preSolution
		HideSolutionNode = FALSE
	EndGlobalSection
	GlobalSection(ExtensibilityGlobals) = postSolution
		SolutionGuid = {608040D8-6D2F-43A7-82FF-7FDFA3805B1C}
	EndGlobalSection
EndGlobal
