
Microsoft Visual Studio Solution File, Format Version 12.00
# Visual Studio Version 17
VisualStudioVersion = 17.9.34723.18
MinimumVisualStudioVersion = 10.0.40219.1
Project("{FAE04EC0-301F-11D3-BF4B-00C04F79EFBC}") = "Compiler", "Compiler\Compiler.csproj", "{02076C18-56C0-4C41-AB86-AD256056A506}"
EndProject
Global
	GlobalSection(SolutionConfigurationPlatforms) = preSolution
		Debug|Any CPU = Debug|Any CPU
		Release|Any CPU = Release|Any CPU
	EndGlobalSection
	GlobalSection(ProjectConfigurationPlatforms) = postSolution
		{02076C18-56C0-4C41-AB86-AD256056A506}.Debug|Any CPU.ActiveCfg = Debug|Any CPU
		{02076C18-56C0-4C41-AB86-AD256056A506}.Debug|Any CPU.Build.0 = Debug|Any CPU
		{02076C18-56C0-4C41-AB86-AD256056A506}.Release|Any CPU.ActiveCfg = Release|Any CPU
		{02076C18-56C0-4C41-AB86-AD256056A506}.Release|Any CPU.Build.0 = Release|Any CPU
	EndGlobalSection
	GlobalSection(SolutionProperties) = preSolution
		HideSolutionNode = FALSE
	EndGlobalSection
	GlobalSection(ExtensibilityGlobals) = postSolution
		SolutionGuid = {02770830-3EFB-4CE8-84B7-E798A80D61AE}
	EndGlobalSection
EndGlobal
