
Microsoft Visual Studio Solution File, Format Version 12.00
# Visual Studio Version 17
VisualStudioVersion = 17.8.34330.188
MinimumVisualStudioVersion = 10.0.40219.1
Project("{9A19103F-16F7-4668-BE54-9A1E7A4F7556}") = "CaesarСipher(lab_1)", "CaesarСipher(lab_1)\CaesarСipher(lab_1).csproj", "{7AEF6C57-AE96-4F65-A32D-AC3DFFDCED38}"
EndProject
Project("{9A19103F-16F7-4668-BE54-9A1E7A4F7556}") = "Kerberos(lab_2)", "Kerberos(lab_2)\Kerberos(lab_2).csproj", "{6CC94936-06A5-4F7D-A23C-2774F7222F68}"
EndProject
Project("{9A19103F-16F7-4668-BE54-9A1E7A4F7556}") = "TCP_Hacker(lab_3)", "TCP_Hacker(lab_3)\TCP_Hacker(lab_3).csproj", "{0E899E94-4C14-4E08-AE40-EB040F253A50}"
EndProject
Project("{FAE04EC0-301F-11D3-BF4B-00C04F79EFBC}") = "Secure_app(lab_4)", "Secure_app(lab_4)\Secure_app(lab_4).csproj", "{531FC69C-A1F4-4542-BA3D-2CCB249AB2D4}"
EndProject
Global
	GlobalSection(SolutionConfigurationPlatforms) = preSolution
		Debug|Any CPU = Debug|Any CPU
		Release|Any CPU = Release|Any CPU
	EndGlobalSection
	GlobalSection(ProjectConfigurationPlatforms) = postSolution
		{7AEF6C57-AE96-4F65-A32D-AC3DFFDCED38}.Debug|Any CPU.ActiveCfg = Debug|Any CPU
		{7AEF6C57-AE96-4F65-A32D-AC3DFFDCED38}.Debug|Any CPU.Build.0 = Debug|Any CPU
		{7AEF6C57-AE96-4F65-A32D-AC3DFFDCED38}.Release|Any CPU.ActiveCfg = Release|Any CPU
		{7AEF6C57-AE96-4F65-A32D-AC3DFFDCED38}.Release|Any CPU.Build.0 = Release|Any CPU
		{6CC94936-06A5-4F7D-A23C-2774F7222F68}.Debug|Any CPU.ActiveCfg = Debug|Any CPU
		{6CC94936-06A5-4F7D-A23C-2774F7222F68}.Debug|Any CPU.Build.0 = Debug|Any CPU
		{6CC94936-06A5-4F7D-A23C-2774F7222F68}.Release|Any CPU.ActiveCfg = Release|Any CPU
		{6CC94936-06A5-4F7D-A23C-2774F7222F68}.Release|Any CPU.Build.0 = Release|Any CPU
		{0E899E94-4C14-4E08-AE40-EB040F253A50}.Debug|Any CPU.ActiveCfg = Debug|Any CPU
		{0E899E94-4C14-4E08-AE40-EB040F253A50}.Debug|Any CPU.Build.0 = Debug|Any CPU
		{0E899E94-4C14-4E08-AE40-EB040F253A50}.Release|Any CPU.ActiveCfg = Release|Any CPU
		{0E899E94-4C14-4E08-AE40-EB040F253A50}.Release|Any CPU.Build.0 = Release|Any CPU
		{531FC69C-A1F4-4542-BA3D-2CCB249AB2D4}.Debug|Any CPU.ActiveCfg = Debug|Any CPU
		{531FC69C-A1F4-4542-BA3D-2CCB249AB2D4}.Debug|Any CPU.Build.0 = Debug|Any CPU
		{531FC69C-A1F4-4542-BA3D-2CCB249AB2D4}.Release|Any CPU.ActiveCfg = Release|Any CPU
		{531FC69C-A1F4-4542-BA3D-2CCB249AB2D4}.Release|Any CPU.Build.0 = Release|Any CPU
	EndGlobalSection
	GlobalSection(SolutionProperties) = preSolution
		HideSolutionNode = FALSE
	EndGlobalSection
	GlobalSection(ExtensibilityGlobals) = postSolution
		SolutionGuid = {75D3FBC9-A3D4-414E-917B-5A4A85942E61}
	EndGlobalSection
EndGlobal
